
Microsoft Visual Studio Solution File, Format Version 12.00
# Visual Studio 14
VisualStudioVersion = 14.0.25420.1
MinimumVisualStudioVersion = 10.0.40219.1
Project("{FAE04EC0-301F-11D3-BF4B-00C04F79EFBC}") = "ShareX.Chrome", "ShareX.Chrome\ShareX.Chrome.csproj", "{254E398D-F7F5-4B2A-9024-5C121EA6C564}"
EndProject
Global
	GlobalSection(SolutionConfigurationPlatforms) = preSolution
		Debug|Any CPU = Debug|Any CPU
		Release|Any CPU = Release|Any CPU
	EndGlobalSection
	GlobalSection(ProjectConfigurationPlatforms) = postSolution
		{254E398D-F7F5-4B2A-9024-5C121EA6C564}.Debug|Any CPU.ActiveCfg = Debug|Any CPU
		{254E398D-F7F5-4B2A-9024-5C121EA6C564}.Debug|Any CPU.Build.0 = Debug|Any CPU
		{254E398D-F7F5-4B2A-9024-5C121EA6C564}.Release|Any CPU.ActiveCfg = Release|Any CPU
		{254E398D-F7F5-4B2A-9024-5C121EA6C564}.Release|Any CPU.Build.0 = Release|Any CPU
	EndGlobalSection
	GlobalSection(SolutionProperties) = preSolution
		HideSolutionNode = FALSE
	EndGlobalSection
EndGlobal
