
Microsoft Visual Studio Solution File, Format Version 12.00
# Visual Studio 14
VisualStudioVersion = 14.0.25420.1
MinimumVisualStudioVersion = 10.0.40219.1
Project("{FAE04EC0-301F-11D3-BF4B-00C04F79EFBC}") = "ShareX", "ShareX\ShareX.csproj", "{C5AE4585-E9EC-4FA3-B75A-E1210635ACB6}"
EndProject
Project("{FAE04EC0-301F-11D3-BF4B-00C04F79EFBC}") = "ShareX.HistoryLib", "ShareX.HistoryLib\ShareX.HistoryLib.csproj", "{E7DE6237-AEA2-498B-8F56-9B392472C490}"
EndProject
Project("{FAE04EC0-301F-11D3-BF4B-00C04F79EFBC}") = "ShareX.ScreenCaptureLib", "ShareX.ScreenCaptureLib\ShareX.ScreenCaptureLib.csproj", "{DBDB0DAA-B3AE-4CC4-A8C2-20550B7F32E3}"
EndProject
Project("{FAE04EC0-301F-11D3-BF4B-00C04F79EFBC}") = "ShareX.HelpersLib", "ShareX.HelpersLib\ShareX.HelpersLib.csproj", "{327750E1-9FB7-4CC3-8AEA-9BC42180CAD3}"
EndProject
Project("{FAE04EC0-301F-11D3-BF4B-00C04F79EFBC}") = "ShareX.UploadersLib", "ShareX.UploadersLib\ShareX.UploadersLib.csproj", "{E1C94415-3424-4517-A2A1-B2FDD1F59C67}"
EndProject
Project("{FAE04EC0-301F-11D3-BF4B-00C04F79EFBC}") = "Greenshot.ImageEditor", "Greenshot.ImageEditor\Greenshot.ImageEditor.csproj", "{CD642BF4-D815-4D67-A0B5-C69F0B8231AF}"
EndProject
Project("{FAE04EC0-301F-11D3-BF4B-00C04F79EFBC}") = "ShareX.IndexerLib", "ShareX.IndexerLib\ShareX.IndexerLib.csproj", "{750C6F46-2C5A-4488-81D3-3B35CA50F3EE}"
EndProject
Project("{FAE04EC0-301F-11D3-BF4B-00C04F79EFBC}") = "ShareX.ImageEffectsLib", "ShareX.ImageEffectsLib\ShareX.ImageEffectsLib.csproj", "{D13441B6-96E1-4D1B-8A95-58A7D6CB1E24}"
EndProject
Project("{2150E333-8FDC-42A3-9474-1A3956D46DE8}") = ".nuget", ".nuget", "{B1CCDF07-69E6-47CC-B50A-A0CD0BD58C81}"
	ProjectSection(SolutionItems) = preProject
		.nuget\NuGet.Config = .nuget\NuGet.Config
		.nuget\NuGet.exe = .nuget\NuGet.exe
		.nuget\NuGet.targets = .nuget\NuGet.targets
	EndProjectSection
EndProject
Project("{FAE04EC0-301F-11D3-BF4B-00C04F79EFBC}") = "ShareX.Setup", "ShareX.Setup\ShareX.Setup.csproj", "{3D19A94A-7A58-4451-A686-EE70B471C206}"
EndProject
Project("{FAE04EC0-301F-11D3-BF4B-00C04F79EFBC}") = "ShareX.MediaLib", "ShareX.MediaLib\ShareX.MediaLib.csproj", "{1A190E53-1419-4CC2-B0E5-3BC7EA861C8B}"
EndProject
Project("{FAE04EC0-301F-11D3-BF4B-00C04F79EFBC}") = "ShareX.Chrome", "ShareX.Chrome\ShareX.Chrome.csproj", "{254E398D-F7F5-4B2A-9024-5C121EA6C564}"
EndProject
Global
	GlobalSection(SolutionConfigurationPlatforms) = preSolution
		Debug|Any CPU = Debug|Any CPU
		Release|Any CPU = Release|Any CPU
		Steam|Any CPU = Steam|Any CPU
	EndGlobalSection
	GlobalSection(ProjectConfigurationPlatforms) = postSolution
		{C5AE4585-E9EC-4FA3-B75A-E1210635ACB6}.Debug|Any CPU.ActiveCfg = Debug|Any CPU
		{C5AE4585-E9EC-4FA3-B75A-E1210635ACB6}.Debug|Any CPU.Build.0 = Debug|Any CPU
		{C5AE4585-E9EC-4FA3-B75A-E1210635ACB6}.Release|Any CPU.ActiveCfg = Release|Any CPU
		{C5AE4585-E9EC-4FA3-B75A-E1210635ACB6}.Release|Any CPU.Build.0 = Release|Any CPU
		{C5AE4585-E9EC-4FA3-B75A-E1210635ACB6}.Steam|Any CPU.ActiveCfg = Steam|Any CPU
		{C5AE4585-E9EC-4FA3-B75A-E1210635ACB6}.Steam|Any CPU.Build.0 = Steam|Any CPU
		{E7DE6237-AEA2-498B-8F56-9B392472C490}.Debug|Any CPU.ActiveCfg = Debug|Any CPU
		{E7DE6237-AEA2-498B-8F56-9B392472C490}.Debug|Any CPU.Build.0 = Debug|Any CPU
		{E7DE6237-AEA2-498B-8F56-9B392472C490}.Release|Any CPU.ActiveCfg = Release|Any CPU
		{E7DE6237-AEA2-498B-8F56-9B392472C490}.Release|Any CPU.Build.0 = Release|Any CPU
		{E7DE6237-AEA2-498B-8F56-9B392472C490}.Steam|Any CPU.ActiveCfg = Steam|Any CPU
		{E7DE6237-AEA2-498B-8F56-9B392472C490}.Steam|Any CPU.Build.0 = Steam|Any CPU
		{DBDB0DAA-B3AE-4CC4-A8C2-20550B7F32E3}.Debug|Any CPU.ActiveCfg = Debug|Any CPU
		{DBDB0DAA-B3AE-4CC4-A8C2-20550B7F32E3}.Debug|Any CPU.Build.0 = Debug|Any CPU
		{DBDB0DAA-B3AE-4CC4-A8C2-20550B7F32E3}.Release|Any CPU.ActiveCfg = Release|Any CPU
		{DBDB0DAA-B3AE-4CC4-A8C2-20550B7F32E3}.Release|Any CPU.Build.0 = Release|Any CPU
		{DBDB0DAA-B3AE-4CC4-A8C2-20550B7F32E3}.Steam|Any CPU.ActiveCfg = Steam|Any CPU
		{DBDB0DAA-B3AE-4CC4-A8C2-20550B7F32E3}.Steam|Any CPU.Build.0 = Steam|Any CPU
		{327750E1-9FB7-4CC3-8AEA-9BC42180CAD3}.Debug|Any CPU.ActiveCfg = Debug|Any CPU
		{327750E1-9FB7-4CC3-8AEA-9BC42180CAD3}.Debug|Any CPU.Build.0 = Debug|Any CPU
		{327750E1-9FB7-4CC3-8AEA-9BC42180CAD3}.Release|Any CPU.ActiveCfg = Release|Any CPU
		{327750E1-9FB7-4CC3-8AEA-9BC42180CAD3}.Release|Any CPU.Build.0 = Release|Any CPU
		{327750E1-9FB7-4CC3-8AEA-9BC42180CAD3}.Steam|Any CPU.ActiveCfg = Steam|Any CPU
		{327750E1-9FB7-4CC3-8AEA-9BC42180CAD3}.Steam|Any CPU.Build.0 = Steam|Any CPU
		{E1C94415-3424-4517-A2A1-B2FDD1F59C67}.Debug|Any CPU.ActiveCfg = Debug|Any CPU
		{E1C94415-3424-4517-A2A1-B2FDD1F59C67}.Debug|Any CPU.Build.0 = Debug|Any CPU
		{E1C94415-3424-4517-A2A1-B2FDD1F59C67}.Release|Any CPU.ActiveCfg = Release|Any CPU
		{E1C94415-3424-4517-A2A1-B2FDD1F59C67}.Release|Any CPU.Build.0 = Release|Any CPU
		{E1C94415-3424-4517-A2A1-B2FDD1F59C67}.Steam|Any CPU.ActiveCfg = Steam|Any CPU
		{E1C94415-3424-4517-A2A1-B2FDD1F59C67}.Steam|Any CPU.Build.0 = Steam|Any CPU
		{CD642BF4-D815-4D67-A0B5-C69F0B8231AF}.Debug|Any CPU.ActiveCfg = Debug|Any CPU
		{CD642BF4-D815-4D67-A0B5-C69F0B8231AF}.Debug|Any CPU.Build.0 = Debug|Any CPU
		{CD642BF4-D815-4D67-A0B5-C69F0B8231AF}.Release|Any CPU.ActiveCfg = Release|Any CPU
		{CD642BF4-D815-4D67-A0B5-C69F0B8231AF}.Release|Any CPU.Build.0 = Release|Any CPU
		{CD642BF4-D815-4D67-A0B5-C69F0B8231AF}.Steam|Any CPU.ActiveCfg = Steam|Any CPU
		{CD642BF4-D815-4D67-A0B5-C69F0B8231AF}.Steam|Any CPU.Build.0 = Steam|Any CPU
		{750C6F46-2C5A-4488-81D3-3B35CA50F3EE}.Debug|Any CPU.ActiveCfg = Debug|Any CPU
		{750C6F46-2C5A-4488-81D3-3B35CA50F3EE}.Debug|Any CPU.Build.0 = Debug|Any CPU
		{750C6F46-2C5A-4488-81D3-3B35CA50F3EE}.Release|Any CPU.ActiveCfg = Release|Any CPU
		{750C6F46-2C5A-4488-81D3-3B35CA50F3EE}.Release|Any CPU.Build.0 = Release|Any CPU
		{750C6F46-2C5A-4488-81D3-3B35CA50F3EE}.Steam|Any CPU.ActiveCfg = Steam|Any CPU
		{750C6F46-2C5A-4488-81D3-3B35CA50F3EE}.Steam|Any CPU.Build.0 = Steam|Any CPU
		{D13441B6-96E1-4D1B-8A95-58A7D6CB1E24}.Debug|Any CPU.ActiveCfg = Debug|Any CPU
		{D13441B6-96E1-4D1B-8A95-58A7D6CB1E24}.Debug|Any CPU.Build.0 = Debug|Any CPU
		{D13441B6-96E1-4D1B-8A95-58A7D6CB1E24}.Release|Any CPU.ActiveCfg = Release|Any CPU
		{D13441B6-96E1-4D1B-8A95-58A7D6CB1E24}.Release|Any CPU.Build.0 = Release|Any CPU
		{D13441B6-96E1-4D1B-8A95-58A7D6CB1E24}.Steam|Any CPU.ActiveCfg = Steam|Any CPU
		{D13441B6-96E1-4D1B-8A95-58A7D6CB1E24}.Steam|Any CPU.Build.0 = Steam|Any CPU
		{3D19A94A-7A58-4451-A686-EE70B471C206}.Debug|Any CPU.ActiveCfg = Debug|Any CPU
		{3D19A94A-7A58-4451-A686-EE70B471C206}.Debug|Any CPU.Build.0 = Debug|Any CPU
		{3D19A94A-7A58-4451-A686-EE70B471C206}.Release|Any CPU.ActiveCfg = Release|Any CPU
		{3D19A94A-7A58-4451-A686-EE70B471C206}.Release|Any CPU.Build.0 = Release|Any CPU
		{3D19A94A-7A58-4451-A686-EE70B471C206}.Steam|Any CPU.ActiveCfg = Steam|Any CPU
		{3D19A94A-7A58-4451-A686-EE70B471C206}.Steam|Any CPU.Build.0 = Steam|Any CPU
		{1A190E53-1419-4CC2-B0E5-3BC7EA861C8B}.Debug|Any CPU.ActiveCfg = Debug|Any CPU
		{1A190E53-1419-4CC2-B0E5-3BC7EA861C8B}.Debug|Any CPU.Build.0 = Debug|Any CPU
		{1A190E53-1419-4CC2-B0E5-3BC7EA861C8B}.Release|Any CPU.ActiveCfg = Release|Any CPU
		{1A190E53-1419-4CC2-B0E5-3BC7EA861C8B}.Release|Any CPU.Build.0 = Release|Any CPU
		{1A190E53-1419-4CC2-B0E5-3BC7EA861C8B}.Steam|Any CPU.ActiveCfg = Steam|Any CPU
		{1A190E53-1419-4CC2-B0E5-3BC7EA861C8B}.Steam|Any CPU.Build.0 = Steam|Any CPU
		{254E398D-F7F5-4B2A-9024-5C121EA6C564}.Debug|Any CPU.ActiveCfg = Debug|Any CPU
		{254E398D-F7F5-4B2A-9024-5C121EA6C564}.Debug|Any CPU.Build.0 = Debug|Any CPU
		{254E398D-F7F5-4B2A-9024-5C121EA6C564}.Release|Any CPU.ActiveCfg = Release|Any CPU
		{254E398D-F7F5-4B2A-9024-5C121EA6C564}.Release|Any CPU.Build.0 = Release|Any CPU
		{254E398D-F7F5-4B2A-9024-5C121EA6C564}.Steam|Any CPU.ActiveCfg = Release|Any CPU
		{254E398D-F7F5-4B2A-9024-5C121EA6C564}.Steam|Any CPU.Build.0 = Release|Any CPU
	EndGlobalSection
	GlobalSection(SolutionProperties) = preSolution
		HideSolutionNode = FALSE
	EndGlobalSection
	GlobalSection(ExtensibilityGlobals) = postSolution
		RESX_AutoCreateNewLanguageFiles = False
	EndGlobalSection
EndGlobal
