
Microsoft Visual Studio Solution File, Format Version 12.00
# Visual Studio Version 16
VisualStudioVersion = 16.0.30717.126
MinimumVisualStudioVersion = 10.0.40219.1
Project("{9A19103F-16F7-4668-BE54-9A1E7A4F7556}") = "ShareX.Wpf", "ShareX.Wpf\ShareX.Wpf.csproj", "{D4165ADE-19CF-49C0-A35C-4A897F6EA10A}"
EndProject
Project("{FAE04EC0-301F-11D3-BF4B-00C04F79EFBC}") = "ShareX.UploadersLib.Wpf", "ShareX.UploadersLib.Wpf\ShareX.UploadersLib.Wpf.csproj", "{72B0E870-1130-4FB7-A7BF-82BD07D9A10A}"
EndProject
Global
	GlobalSection(SolutionConfigurationPlatforms) = preSolution
		Debug|Any CPU = Debug|Any CPU
		Release|Any CPU = Release|Any CPU
	EndGlobalSection
	GlobalSection(ProjectConfigurationPlatforms) = postSolution
		{D4165ADE-19CF-49C0-A35C-4A897F6EA10A}.Debug|Any CPU.ActiveCfg = Debug|Any CPU
		{D4165ADE-19CF-49C0-A35C-4A897F6EA10A}.Debug|Any CPU.Build.0 = Debug|Any CPU
		{D4165ADE-19CF-49C0-A35C-4A897F6EA10A}.Release|Any CPU.ActiveCfg = Release|Any CPU
		{D4165ADE-19CF-49C0-A35C-4A897F6EA10A}.Release|Any CPU.Build.0 = Release|Any CPU
		{72B0E870-1130-4FB7-A7BF-82BD07D9A10A}.Debug|Any CPU.ActiveCfg = Debug|Any CPU
		{72B0E870-1130-4FB7-A7BF-82BD07D9A10A}.Debug|Any CPU.Build.0 = Debug|Any CPU
		{72B0E870-1130-4FB7-A7BF-82BD07D9A10A}.Release|Any CPU.ActiveCfg = Release|Any CPU
		{72B0E870-1130-4FB7-A7BF-82BD07D9A10A}.Release|Any CPU.Build.0 = Release|Any CPU
	EndGlobalSection
	GlobalSection(SolutionProperties) = preSolution
		HideSolutionNode = FALSE
	EndGlobalSection
	GlobalSection(ExtensibilityGlobals) = postSolution
		SolutionGuid = {F7B609AE-AA58-4F50-9318-F138B11B1651}
	EndGlobalSection
EndGlobal
