
Microsoft Visual Studio Solution File, Format Version 12.00
# Visual Studio Version 18
VisualStudioVersion = 18.1.11312.151
MinimumVisualStudioVersion = 10.0.40219.1
Project("{FAE04EC0-301F-11D3-BF4B-00C04F79EFBC}") = "ShareX.ImageEditor", "ShareX.ImageEditor\ShareX.ImageEditor.csproj", "{445C4AF8-8E87-CB94-B4DC-82A6192C680A}"
EndProject
Project("{FAE04EC0-301F-11D3-BF4B-00C04F79EFBC}") = "ShareX.ImageEditor.App", "ShareX.ImageEditor.App\ShareX.ImageEditor.App.csproj", "{CB1EB506-3B23-42C7-9851-6E298D2DC7E8}"
EndProject
Project("{FAE04EC0-301F-11D3-BF4B-00C04F79EFBC}") = "ShareX.Avalonia", "ShareX.Avalonia\ShareX.Avalonia.csproj", "{C9B147C0-480C-45C7-B414-9773184CCC79}"
EndProject
Global
	GlobalSection(SolutionConfigurationPlatforms) = preSolution
		Debug|ARM64 = Debug|ARM64
		Debug|x64 = Debug|x64
		Debug|Any CPU = Debug|Any CPU
		Debug|x86 = Debug|x86
		Release|ARM64 = Release|ARM64
		Release|x64 = Release|x64
		Release|Any CPU = Release|Any CPU
		Release|x86 = Release|x86
	EndGlobalSection
	GlobalSection(ProjectConfigurationPlatforms) = postSolution
		{445C4AF8-8E87-CB94-B4DC-82A6192C680A}.Debug|ARM64.ActiveCfg = Debug|ARM64
		{445C4AF8-8E87-CB94-B4DC-82A6192C680A}.Debug|ARM64.Build.0 = Debug|ARM64
		{445C4AF8-8E87-CB94-B4DC-82A6192C680A}.Debug|x64.ActiveCfg = Debug|x64
		{445C4AF8-8E87-CB94-B4DC-82A6192C680A}.Debug|x64.Build.0 = Debug|x64
		{445C4AF8-8E87-CB94-B4DC-82A6192C680A}.Debug|Any CPU.ActiveCfg = Debug|Any CPU
		{445C4AF8-8E87-CB94-B4DC-82A6192C680A}.Debug|Any CPU.Build.0 = Debug|Any CPU
		{445C4AF8-8E87-CB94-B4DC-82A6192C680A}.Debug|x86.ActiveCfg = Debug|Any CPU
		{445C4AF8-8E87-CB94-B4DC-82A6192C680A}.Debug|x86.Build.0 = Debug|Any CPU
		{445C4AF8-8E87-CB94-B4DC-82A6192C680A}.Release|ARM64.ActiveCfg = Release|ARM64
		{445C4AF8-8E87-CB94-B4DC-82A6192C680A}.Release|ARM64.Build.0 = Release|ARM64
		{445C4AF8-8E87-CB94-B4DC-82A6192C680A}.Release|x64.ActiveCfg = Release|x64
		{445C4AF8-8E87-CB94-B4DC-82A6192C680A}.Release|x64.Build.0 = Release|x64
		{445C4AF8-8E87-CB94-B4DC-82A6192C680A}.Release|Any CPU.ActiveCfg = Release|Any CPU
		{445C4AF8-8E87-CB94-B4DC-82A6192C680A}.Release|Any CPU.Build.0 = Release|Any CPU
		{445C4AF8-8E87-CB94-B4DC-82A6192C680A}.Release|x86.ActiveCfg = Release|Any CPU
		{445C4AF8-8E87-CB94-B4DC-82A6192C680A}.Release|x86.Build.0 = Release|Any CPU
		{CB1EB506-3B23-42C7-9851-6E298D2DC7E8}.Debug|ARM64.ActiveCfg = Debug|ARM64
		{CB1EB506-3B23-42C7-9851-6E298D2DC7E8}.Debug|ARM64.Build.0 = Debug|ARM64
		{CB1EB506-3B23-42C7-9851-6E298D2DC7E8}.Debug|x64.ActiveCfg = Debug|x64
		{CB1EB506-3B23-42C7-9851-6E298D2DC7E8}.Debug|x64.Build.0 = Debug|x64
		{CB1EB506-3B23-42C7-9851-6E298D2DC7E8}.Debug|Any CPU.ActiveCfg = Debug|Any CPU
		{CB1EB506-3B23-42C7-9851-6E298D2DC7E8}.Debug|Any CPU.Build.0 = Debug|Any CPU
		{CB1EB506-3B23-42C7-9851-6E298D2DC7E8}.Debug|x86.ActiveCfg = Debug|Any CPU
		{CB1EB506-3B23-42C7-9851-6E298D2DC7E8}.Debug|x86.Build.0 = Debug|Any CPU
		{CB1EB506-3B23-42C7-9851-6E298D2DC7E8}.Release|ARM64.ActiveCfg = Release|ARM64
		{CB1EB506-3B23-42C7-9851-6E298D2DC7E8}.Release|ARM64.Build.0 = Release|ARM64
		{CB1EB506-3B23-42C7-9851-6E298D2DC7E8}.Release|x64.ActiveCfg = Release|x64
		{CB1EB506-3B23-42C7-9851-6E298D2DC7E8}.Release|x64.Build.0 = Release|x64
		{CB1EB506-3B23-42C7-9851-6E298D2DC7E8}.Release|Any CPU.ActiveCfg = Release|Any CPU
		{CB1EB506-3B23-42C7-9851-6E298D2DC7E8}.Release|Any CPU.Build.0 = Release|Any CPU
		{CB1EB506-3B23-42C7-9851-6E298D2DC7E8}.Release|x86.ActiveCfg = Release|Any CPU
		{CB1EB506-3B23-42C7-9851-6E298D2DC7E8}.Release|x86.Build.0 = Release|Any CPU
		{C9B147C0-480C-45C7-B414-9773184CCC79}.Debug|ARM64.ActiveCfg = Debug|ARM64
		{C9B147C0-480C-45C7-B414-9773184CCC79}.Debug|ARM64.Build.0 = Debug|ARM64
		{C9B147C0-480C-45C7-B414-9773184CCC79}.Debug|x64.ActiveCfg = Debug|x64
		{C9B147C0-480C-45C7-B414-9773184CCC79}.Debug|x64.Build.0 = Debug|x64
		{C9B147C0-480C-45C7-B414-9773184CCC79}.Debug|Any CPU.ActiveCfg = Debug|x64
		{C9B147C0-480C-45C7-B414-9773184CCC79}.Debug|Any CPU.Build.0 = Debug|x64
		{C9B147C0-480C-45C7-B414-9773184CCC79}.Debug|x86.ActiveCfg = Debug|x64
		{C9B147C0-480C-45C7-B414-9773184CCC79}.Debug|x86.Build.0 = Debug|x64
		{C9B147C0-480C-45C7-B414-9773184CCC79}.Release|ARM64.ActiveCfg = Release|ARM64
		{C9B147C0-480C-45C7-B414-9773184CCC79}.Release|ARM64.Build.0 = Release|ARM64
		{C9B147C0-480C-45C7-B414-9773184CCC79}.Release|x64.ActiveCfg = Release|x64
		{C9B147C0-480C-45C7-B414-9773184CCC79}.Release|x64.Build.0 = Release|x64
		{C9B147C0-480C-45C7-B414-9773184CCC79}.Release|Any CPU.ActiveCfg = Release|x64
		{C9B147C0-480C-45C7-B414-9773184CCC79}.Release|Any CPU.Build.0 = Release|x64
		{C9B147C0-480C-45C7-B414-9773184CCC79}.Release|x86.ActiveCfg = Release|x64
		{C9B147C0-480C-45C7-B414-9773184CCC79}.Release|x86.Build.0 = Release|x64
	EndGlobalSection
	GlobalSection(SolutionProperties) = preSolution
		HideSolutionNode = FALSE
	EndGlobalSection
	GlobalSection(ExtensibilityGlobals) = postSolution
		SolutionGuid = {4A3F6C36-7B8E-4560-9F5C-123456789ABC}
	EndGlobalSection
EndGlobal
