
Microsoft Visual Studio Solution File, Format Version 12.00
# Visual Studio Version 17
VisualStudioVersion = 17.0.32112.339
MinimumVisualStudioVersion = 10.0.40219.1
Project("{9A19103F-16F7-4668-BE54-9A1E7A4F7556}") = "ShareX", "ShareX\ShareX.csproj", "{C5AE4585-E9EC-4FA3-B75A-E1210635ACB6}"
	ProjectSection(ProjectDependencies) = postProject
		{254E398D-F7F5-4B2A-9024-5C121EA6C564} = {254E398D-F7F5-4B2A-9024-5C121EA6C564}
	EndProjectSection
EndProject
Project("{9A19103F-16F7-4668-BE54-9A1E7A4F7556}") = "ShareX.HistoryLib", "ShareX.HistoryLib\ShareX.HistoryLib.csproj", "{E7DE6237-AEA2-498B-8F56-9B392472C490}"
EndProject
Project("{9A19103F-16F7-4668-BE54-9A1E7A4F7556}") = "ShareX.ScreenCaptureLib", "ShareX.ScreenCaptureLib\ShareX.ScreenCaptureLib.csproj", "{DBDB0DAA-B3AE-4CC4-A8C2-20550B7F32E3}"
EndProject
Project("{9A19103F-16F7-4668-BE54-9A1E7A4F7556}") = "ShareX.HelpersLib", "ShareX.HelpersLib\ShareX.HelpersLib.csproj", "{327750E1-9FB7-4CC3-8AEA-9BC42180CAD3}"
EndProject
Project("{9A19103F-16F7-4668-BE54-9A1E7A4F7556}") = "ShareX.UploadersLib", "ShareX.UploadersLib\ShareX.UploadersLib.csproj", "{E1C94415-3424-4517-A2A1-B2FDD1F59C67}"
EndProject
Project("{9A19103F-16F7-4668-BE54-9A1E7A4F7556}") = "ShareX.IndexerLib", "ShareX.IndexerLib\ShareX.IndexerLib.csproj", "{750C6F46-2C5A-4488-81D3-3B35CA50F3EE}"
EndProject
Project("{9A19103F-16F7-4668-BE54-9A1E7A4F7556}") = "ShareX.ImageEffectsLib", "ShareX.ImageEffectsLib\ShareX.ImageEffectsLib.csproj", "{D13441B6-96E1-4D1B-8A95-58A7D6CB1E24}"
EndProject
Project("{9A19103F-16F7-4668-BE54-9A1E7A4F7556}") = "ShareX.Setup", "ShareX.Setup\ShareX.Setup.csproj", "{3D19A94A-7A58-4451-A686-EE70B471C206}"
EndProject
Project("{9A19103F-16F7-4668-BE54-9A1E7A4F7556}") = "ShareX.MediaLib", "ShareX.MediaLib\ShareX.MediaLib.csproj", "{1A190E53-1419-4CC2-B0E5-3BC7EA861C8B}"
EndProject
Project("{9A19103F-16F7-4668-BE54-9A1E7A4F7556}") = "ShareX.Steam", "ShareX.Steam\ShareX.Steam.csproj", "{7F6ADFC5-2563-4A5F-B202-93B553578719}"
EndProject
Project("{9A19103F-16F7-4668-BE54-9A1E7A4F7556}") = "ShareX.NativeMessagingHost", "ShareX.NativeMessagingHost\ShareX.NativeMessagingHost.csproj", "{254E398D-F7F5-4B2A-9024-5C121EA6C564}"
EndProject
Project("{2150E333-8FDC-42A3-9474-1A3956D46DE8}") = "Solution Items", "Solution Items", "{515655AC-4716-420E-BBA9-318680DBF355}"
	ProjectSection(SolutionItems) = preProject
		.editorconfig = .editorconfig
		Directory.build.props = Directory.build.props
		Directory.build.targets = Directory.build.targets
	EndProjectSection
EndProject
Global
	GlobalSection(SolutionConfigurationPlatforms) = preSolution
		Debug|Any CPU = Debug|Any CPU
		MicrosoftStore|Any CPU = MicrosoftStore|Any CPU
		MicrosoftStoreDebug|Any CPU = MicrosoftStoreDebug|Any CPU
		Release|Any CPU = Release|Any CPU
		Steam|Any CPU = Steam|Any CPU
	EndGlobalSection
	GlobalSection(ProjectConfigurationPlatforms) = postSolution
		{C5AE4585-E9EC-4FA3-B75A-E1210635ACB6}.Debug|Any CPU.ActiveCfg = Debug|Any CPU
		{C5AE4585-E9EC-4FA3-B75A-E1210635ACB6}.Debug|Any CPU.Build.0 = Debug|Any CPU
		{C5AE4585-E9EC-4FA3-B75A-E1210635ACB6}.MicrosoftStore|Any CPU.ActiveCfg = MicrosoftStore|Any CPU
		{C5AE4585-E9EC-4FA3-B75A-E1210635ACB6}.MicrosoftStore|Any CPU.Build.0 = MicrosoftStore|Any CPU
		{C5AE4585-E9EC-4FA3-B75A-E1210635ACB6}.MicrosoftStoreDebug|Any CPU.ActiveCfg = MicrosoftStoreDebug|Any CPU
		{C5AE4585-E9EC-4FA3-B75A-E1210635ACB6}.MicrosoftStoreDebug|Any CPU.Build.0 = MicrosoftStoreDebug|Any CPU
		{C5AE4585-E9EC-4FA3-B75A-E1210635ACB6}.Release|Any CPU.ActiveCfg = Release|Any CPU
		{C5AE4585-E9EC-4FA3-B75A-E1210635ACB6}.Release|Any CPU.Build.0 = Release|Any CPU
		{C5AE4585-E9EC-4FA3-B75A-E1210635ACB6}.Steam|Any CPU.ActiveCfg = Steam|Any CPU
		{C5AE4585-E9EC-4FA3-B75A-E1210635ACB6}.Steam|Any CPU.Build.0 = Steam|Any CPU
		{E7DE6237-AEA2-498B-8F56-9B392472C490}.Debug|Any CPU.ActiveCfg = Debug|Any CPU
		{E7DE6237-AEA2-498B-8F56-9B392472C490}.Debug|Any CPU.Build.0 = Debug|Any CPU
		{E7DE6237-AEA2-498B-8F56-9B392472C490}.MicrosoftStore|Any CPU.ActiveCfg = MicrosoftStore|Any CPU
		{E7DE6237-AEA2-498B-8F56-9B392472C490}.MicrosoftStore|Any CPU.Build.0 = MicrosoftStore|Any CPU
		{E7DE6237-AEA2-498B-8F56-9B392472C490}.MicrosoftStoreDebug|Any CPU.ActiveCfg = MicrosoftStoreDebug|Any CPU
		{E7DE6237-AEA2-498B-8F56-9B392472C490}.MicrosoftStoreDebug|Any CPU.Build.0 = MicrosoftStoreDebug|Any CPU
		{E7DE6237-AEA2-498B-8F56-9B392472C490}.Release|Any CPU.ActiveCfg = Release|Any CPU
		{E7DE6237-AEA2-498B-8F56-9B392472C490}.Release|Any CPU.Build.0 = Release|Any CPU
		{E7DE6237-AEA2-498B-8F56-9B392472C490}.Steam|Any CPU.ActiveCfg = Steam|Any CPU
		{E7DE6237-AEA2-498B-8F56-9B392472C490}.Steam|Any CPU.Build.0 = Steam|Any CPU
		{DBDB0DAA-B3AE-4CC4-A8C2-20550B7F32E3}.Debug|Any CPU.ActiveCfg = Debug|Any CPU
		{DBDB0DAA-B3AE-4CC4-A8C2-20550B7F32E3}.Debug|Any CPU.Build.0 = Debug|Any CPU
		{DBDB0DAA-B3AE-4CC4-A8C2-20550B7F32E3}.MicrosoftStore|Any CPU.ActiveCfg = MicrosoftStore|Any CPU
		{DBDB0DAA-B3AE-4CC4-A8C2-20550B7F32E3}.MicrosoftStore|Any CPU.Build.0 = MicrosoftStore|Any CPU
		{DBDB0DAA-B3AE-4CC4-A8C2-20550B7F32E3}.MicrosoftStoreDebug|Any CPU.ActiveCfg = MicrosoftStoreDebug|Any CPU
		{DBDB0DAA-B3AE-4CC4-A8C2-20550B7F32E3}.MicrosoftStoreDebug|Any CPU.Build.0 = MicrosoftStoreDebug|Any CPU
		{DBDB0DAA-B3AE-4CC4-A8C2-20550B7F32E3}.Release|Any CPU.ActiveCfg = Release|Any CPU
		{DBDB0DAA-B3AE-4CC4-A8C2-20550B7F32E3}.Release|Any CPU.Build.0 = Release|Any CPU
		{DBDB0DAA-B3AE-4CC4-A8C2-20550B7F32E3}.Steam|Any CPU.ActiveCfg = Steam|Any CPU
		{DBDB0DAA-B3AE-4CC4-A8C2-20550B7F32E3}.Steam|Any CPU.Build.0 = Steam|Any CPU
		{327750E1-9FB7-4CC3-8AEA-9BC42180CAD3}.Debug|Any CPU.ActiveCfg = Debug|Any CPU
		{327750E1-9FB7-4CC3-8AEA-9BC42180CAD3}.Debug|Any CPU.Build.0 = Debug|Any CPU
		{327750E1-9FB7-4CC3-8AEA-9BC42180CAD3}.MicrosoftStore|Any CPU.ActiveCfg = MicrosoftStore|Any CPU
		{327750E1-9FB7-4CC3-8AEA-9BC42180CAD3}.MicrosoftStore|Any CPU.Build.0 = MicrosoftStore|Any CPU
		{327750E1-9FB7-4CC3-8AEA-9BC42180CAD3}.MicrosoftStoreDebug|Any CPU.ActiveCfg = MicrosoftStoreDebug|Any CPU
		{327750E1-9FB7-4CC3-8AEA-9BC42180CAD3}.MicrosoftStoreDebug|Any CPU.Build.0 = MicrosoftStoreDebug|Any CPU
		{327750E1-9FB7-4CC3-8AEA-9BC42180CAD3}.Release|Any CPU.ActiveCfg = Release|Any CPU
		{327750E1-9FB7-4CC3-8AEA-9BC42180CAD3}.Release|Any CPU.Build.0 = Release|Any CPU
		{327750E1-9FB7-4CC3-8AEA-9BC42180CAD3}.Steam|Any CPU.ActiveCfg = Steam|Any CPU
		{327750E1-9FB7-4CC3-8AEA-9BC42180CAD3}.Steam|Any CPU.Build.0 = Steam|Any CPU
		{E1C94415-3424-4517-A2A1-B2FDD1F59C67}.Debug|Any CPU.ActiveCfg = Debug|Any CPU
		{E1C94415-3424-4517-A2A1-B2FDD1F59C67}.Debug|Any CPU.Build.0 = Debug|Any CPU
		{E1C94415-3424-4517-A2A1-B2FDD1F59C67}.MicrosoftStore|Any CPU.ActiveCfg = MicrosoftStore|Any CPU
		{E1C94415-3424-4517-A2A1-B2FDD1F59C67}.MicrosoftStore|Any CPU.Build.0 = MicrosoftStore|Any CPU
		{E1C94415-3424-4517-A2A1-B2FDD1F59C67}.MicrosoftStoreDebug|Any CPU.ActiveCfg = MicrosoftStoreDebug|Any CPU
		{E1C94415-3424-4517-A2A1-B2FDD1F59C67}.MicrosoftStoreDebug|Any CPU.Build.0 = MicrosoftStoreDebug|Any CPU
		{E1C94415-3424-4517-A2A1-B2FDD1F59C67}.Release|Any CPU.ActiveCfg = Release|Any CPU
		{E1C94415-3424-4517-A2A1-B2FDD1F59C67}.Release|Any CPU.Build.0 = Release|Any CPU
		{E1C94415-3424-4517-A2A1-B2FDD1F59C67}.Steam|Any CPU.ActiveCfg = Steam|Any CPU
		{E1C94415-3424-4517-A2A1-B2FDD1F59C67}.Steam|Any CPU.Build.0 = Steam|Any CPU
		{750C6F46-2C5A-4488-81D3-3B35CA50F3EE}.Debug|Any CPU.ActiveCfg = Debug|Any CPU
		{750C6F46-2C5A-4488-81D3-3B35CA50F3EE}.Debug|Any CPU.Build.0 = Debug|Any CPU
		{750C6F46-2C5A-4488-81D3-3B35CA50F3EE}.MicrosoftStore|Any CPU.ActiveCfg = MicrosoftStore|Any CPU
		{750C6F46-2C5A-4488-81D3-3B35CA50F3EE}.MicrosoftStore|Any CPU.Build.0 = MicrosoftStore|Any CPU
		{750C6F46-2C5A-4488-81D3-3B35CA50F3EE}.MicrosoftStoreDebug|Any CPU.ActiveCfg = MicrosoftStoreDebug|Any CPU
		{750C6F46-2C5A-4488-81D3-3B35CA50F3EE}.MicrosoftStoreDebug|Any CPU.Build.0 = MicrosoftStoreDebug|Any CPU
		{750C6F46-2C5A-4488-81D3-3B35CA50F3EE}.Release|Any CPU.ActiveCfg = Release|Any CPU
		{750C6F46-2C5A-4488-81D3-3B35CA50F3EE}.Release|Any CPU.Build.0 = Release|Any CPU
		{750C6F46-2C5A-4488-81D3-3B35CA50F3EE}.Steam|Any CPU.ActiveCfg = Steam|Any CPU
		{750C6F46-2C5A-4488-81D3-3B35CA50F3EE}.Steam|Any CPU.Build.0 = Steam|Any CPU
		{D13441B6-96E1-4D1B-8A95-58A7D6CB1E24}.Debug|Any CPU.ActiveCfg = Debug|Any CPU
		{D13441B6-96E1-4D1B-8A95-58A7D6CB1E24}.Debug|Any CPU.Build.0 = Debug|Any CPU
		{D13441B6-96E1-4D1B-8A95-58A7D6CB1E24}.MicrosoftStore|Any CPU.ActiveCfg = MicrosoftStore|Any CPU
		{D13441B6-96E1-4D1B-8A95-58A7D6CB1E24}.MicrosoftStore|Any CPU.Build.0 = MicrosoftStore|Any CPU
		{D13441B6-96E1-4D1B-8A95-58A7D6CB1E24}.MicrosoftStoreDebug|Any CPU.ActiveCfg = MicrosoftStoreDebug|Any CPU
		{D13441B6-96E1-4D1B-8A95-58A7D6CB1E24}.MicrosoftStoreDebug|Any CPU.Build.0 = MicrosoftStoreDebug|Any CPU
		{D13441B6-96E1-4D1B-8A95-58A7D6CB1E24}.Release|Any CPU.ActiveCfg = Release|Any CPU
		{D13441B6-96E1-4D1B-8A95-58A7D6CB1E24}.Release|Any CPU.Build.0 = Release|Any CPU
		{D13441B6-96E1-4D1B-8A95-58A7D6CB1E24}.Steam|Any CPU.ActiveCfg = Steam|Any CPU
		{D13441B6-96E1-4D1B-8A95-58A7D6CB1E24}.Steam|Any CPU.Build.0 = Steam|Any CPU
		{3D19A94A-7A58-4451-A686-EE70B471C206}.Debug|Any CPU.ActiveCfg = Debug|Any CPU
		{3D19A94A-7A58-4451-A686-EE70B471C206}.Debug|Any CPU.Build.0 = Debug|Any CPU
		{3D19A94A-7A58-4451-A686-EE70B471C206}.MicrosoftStore|Any CPU.ActiveCfg = MicrosoftStore|Any CPU
		{3D19A94A-7A58-4451-A686-EE70B471C206}.MicrosoftStore|Any CPU.Build.0 = MicrosoftStore|Any CPU
		{3D19A94A-7A58-4451-A686-EE70B471C206}.MicrosoftStoreDebug|Any CPU.ActiveCfg = MicrosoftStoreDebug|Any CPU
		{3D19A94A-7A58-4451-A686-EE70B471C206}.MicrosoftStoreDebug|Any CPU.Build.0 = MicrosoftStoreDebug|Any CPU
		{3D19A94A-7A58-4451-A686-EE70B471C206}.Release|Any CPU.ActiveCfg = Release|Any CPU
		{3D19A94A-7A58-4451-A686-EE70B471C206}.Release|Any CPU.Build.0 = Release|Any CPU
		{3D19A94A-7A58-4451-A686-EE70B471C206}.Steam|Any CPU.ActiveCfg = Steam|Any CPU
		{3D19A94A-7A58-4451-A686-EE70B471C206}.Steam|Any CPU.Build.0 = Steam|Any CPU
		{1A190E53-1419-4CC2-B0E5-3BC7EA861C8B}.Debug|Any CPU.ActiveCfg = Debug|Any CPU
		{1A190E53-1419-4CC2-B0E5-3BC7EA861C8B}.Debug|Any CPU.Build.0 = Debug|Any CPU
		{1A190E53-1419-4CC2-B0E5-3BC7EA861C8B}.MicrosoftStore|Any CPU.ActiveCfg = MicrosoftStore|Any CPU
		{1A190E53-1419-4CC2-B0E5-3BC7EA861C8B}.MicrosoftStore|Any CPU.Build.0 = MicrosoftStore|Any CPU
		{1A190E53-1419-4CC2-B0E5-3BC7EA861C8B}.MicrosoftStoreDebug|Any CPU.ActiveCfg = MicrosoftStoreDebug|Any CPU
		{1A190E53-1419-4CC2-B0E5-3BC7EA861C8B}.MicrosoftStoreDebug|Any CPU.Build.0 = MicrosoftStoreDebug|Any CPU
		{1A190E53-1419-4CC2-B0E5-3BC7EA861C8B}.Release|Any CPU.ActiveCfg = Release|Any CPU
		{1A190E53-1419-4CC2-B0E5-3BC7EA861C8B}.Release|Any CPU.Build.0 = Release|Any CPU
		{1A190E53-1419-4CC2-B0E5-3BC7EA861C8B}.Steam|Any CPU.ActiveCfg = Steam|Any CPU
		{1A190E53-1419-4CC2-B0E5-3BC7EA861C8B}.Steam|Any CPU.Build.0 = Steam|Any CPU
		{7F6ADFC5-2563-4A5F-B202-93B553578719}.Debug|Any CPU.ActiveCfg = Debug|Any CPU
		{7F6ADFC5-2563-4A5F-B202-93B553578719}.Debug|Any CPU.Build.0 = Debug|Any CPU
		{7F6ADFC5-2563-4A5F-B202-93B553578719}.MicrosoftStore|Any CPU.ActiveCfg = MicrosoftStore|Any CPU
		{7F6ADFC5-2563-4A5F-B202-93B553578719}.MicrosoftStore|Any CPU.Build.0 = MicrosoftStore|Any CPU
		{7F6ADFC5-2563-4A5F-B202-93B553578719}.MicrosoftStoreDebug|Any CPU.ActiveCfg = MicrosoftStoreDebug|Any CPU
		{7F6ADFC5-2563-4A5F-B202-93B553578719}.MicrosoftStoreDebug|Any CPU.Build.0 = MicrosoftStoreDebug|Any CPU
		{7F6ADFC5-2563-4A5F-B202-93B553578719}.Release|Any CPU.ActiveCfg = Release|Any CPU
		{7F6ADFC5-2563-4A5F-B202-93B553578719}.Release|Any CPU.Build.0 = Release|Any CPU
		{7F6ADFC5-2563-4A5F-B202-93B553578719}.Steam|Any CPU.ActiveCfg = Steam|Any CPU
		{7F6ADFC5-2563-4A5F-B202-93B553578719}.Steam|Any CPU.Build.0 = Steam|Any CPU
		{254E398D-F7F5-4B2A-9024-5C121EA6C564}.Debug|Any CPU.ActiveCfg = Debug|Any CPU
		{254E398D-F7F5-4B2A-9024-5C121EA6C564}.Debug|Any CPU.Build.0 = Debug|Any CPU
		{254E398D-F7F5-4B2A-9024-5C121EA6C564}.MicrosoftStore|Any CPU.ActiveCfg = MicrosoftStore|Any CPU
		{254E398D-F7F5-4B2A-9024-5C121EA6C564}.MicrosoftStore|Any CPU.Build.0 = MicrosoftStore|Any CPU
		{254E398D-F7F5-4B2A-9024-5C121EA6C564}.MicrosoftStoreDebug|Any CPU.ActiveCfg = MicrosoftStoreDebug|Any CPU
		{254E398D-F7F5-4B2A-9024-5C121EA6C564}.MicrosoftStoreDebug|Any CPU.Build.0 = MicrosoftStoreDebug|Any CPU
		{254E398D-F7F5-4B2A-9024-5C121EA6C564}.Release|Any CPU.ActiveCfg = Release|Any CPU
		{254E398D-F7F5-4B2A-9024-5C121EA6C564}.Release|Any CPU.Build.0 = Release|Any CPU
		{254E398D-F7F5-4B2A-9024-5C121EA6C564}.Steam|Any CPU.ActiveCfg = Steam|Any CPU
		{254E398D-F7F5-4B2A-9024-5C121EA6C564}.Steam|Any CPU.Build.0 = Steam|Any CPU
	EndGlobalSection
	GlobalSection(SolutionProperties) = preSolution
		HideSolutionNode = FALSE
	EndGlobalSection
	GlobalSection(ExtensibilityGlobals) = postSolution
		SolutionGuid = {DEACF1C2-28EE-44DF-B55E-2234F6137272}
	EndGlobalSection
EndGlobal
