{
  "version": 1,
  "dependencies": {
    ".NETFramework,Version=v4.8": {
      "ImageListView": {
        "type": "Direct",
        "requested": "[13.8.2, )",
        "resolved": "13.8.2",
        "contentHash": "1Tt+Qbny9vdEz44Oh3pkOGWjWmz47iW9BllotsLlQiC0aGz8tNOtzublkqFtMj8ba3QS/Xwmsw65Ikv92L23Aw=="
      },
      "Newtonsoft.Json": {
        "type": "Transitive",
        "resolved": "13.0.3",
        "contentHash": "HrC5BXdl00IP9zeV+0Z848QWPAoCr9P3bDEZguI+gkLcBKAOxix/tLEAAHC+UvDNPv4a2d18lOReHMOagPa+zQ=="
      },
      "sharex.helperslib": {
        "type": "Project",
        "dependencies": {
          "Newtonsoft.Json": "[13.0.3, )"
        }
      },
      "sharex.imageeffectslib": {
        "type": "Project",
        "dependencies": {
          "Newtonsoft.Json": "[13.0.3, )",
          "ShareX.HelpersLib": "[1.0.0, )"
        }
      },
      "sharex.medialib": {
        "type": "Project",
        "dependencies": {
          "ShareX.HelpersLib": "[1.0.0, )"
        }
      }
    },
    ".NETFramework,Version=v4.8/win": {},
    ".NETFramework,Version=v4.8/win-arm64": {},
    ".NETFramework,Version=v4.8/win-x64": {},
    ".NETFramework,Version=v4.8/win-x86": {}
  }
}