{
  "version": 1,
  "dependencies": {
    ".NETFramework,Version=v4.8": {
      "Newtonsoft.Json": {
        "type": "Direct",
        "requested": "[13.0.3, )",
        "resolved": "13.0.3",
        "contentHash": "HrC5BXdl00IP9zeV+0Z848QWPAoCr9P3bDEZguI+gkLcBKAOxix/tLEAAHC+UvDNPv4a2d18lOReHMOagPa+zQ=="
      },
      "sharex.helperslib": {
        "type": "Project",
        "dependencies": {
          "Newtonsoft.Json": "[13.0.3, )"
        }
      }
    },
    ".NETFramework,Version=v4.8/win": {},
    ".NETFramework,Version=v4.8/win-arm64": {},
    ".NETFramework,Version=v4.8/win-x64": {},
    ".NETFramework,Version=v4.8/win-x86": {}
  }
}