{
  "version": 1,
  "dependencies": {
    ".NETFramework,Version=v4.8": {
      "FluentFTP": {
        "type": "Direct",
        "requested": "[46.0.2, )",
        "resolved": "46.0.2",
        "contentHash": "DWdIT+tAzypO8cDeh+o5kqRx1DWBRHmwnzjc4TStpjwxZf+FyQ0draXmmghBiT+c5mOnqcbV631+w0xbMvoVZg=="
      },
      "MegaApiClient": {
        "type": "Direct",
        "requested": "[1.10.3, )",
        "resolved": "1.10.3",
        "contentHash": "df1uzofRVzNxP4WpE2WWWrgpdN+9RmOqZqtNHhjcmRTe0+CNAzAN7fjxr3fVBMTLRQ2iNigPAjT39YIqstcCJw==",
        "dependencies": {
          "Newtonsoft.Json": "10.0.2"
        }
      },
      "Newtonsoft.Json": {
        "type": "Direct",
        "requested": "[13.0.3, )",
        "resolved": "13.0.3",
        "contentHash": "HrC5BXdl00IP9zeV+0Z848QWPAoCr9P3bDEZguI+gkLcBKAOxix/tLEAAHC+UvDNPv4a2d18lOReHMOagPa+zQ=="
      },
      "SSH.NET": {
        "type": "Direct",
        "requested": "[2020.0.2, )",
        "resolved": "2020.0.2",
        "contentHash": "G0dNlTBAM00KZXv1wWVwgg26d9/METcM6qWBpNQwllzQmmbu+Zu+FS1L1X4fFgGdPu3e8k9mmTBu6SwtQ0614g=="
      },
      "sharex.helperslib": {
        "type": "Project",
        "dependencies": {
          "Newtonsoft.Json": "[13.0.3, )"
        }
      }
    },
    ".NETFramework,Version=v4.8/win": {},
    ".NETFramework,Version=v4.8/win-arm64": {},
    ".NETFramework,Version=v4.8/win-x64": {},
    ".NETFramework,Version=v4.8/win-x86": {}
  }
}