{
  "version": 1,
  "dependencies": {
    ".NETFramework,Version=v4.8": {
      "Microsoft.Windows.SDK.Contracts": {
        "type": "Direct",
        "requested": "[10.0.22621.755, )",
        "resolved": "10.0.22621.755",
        "contentHash": "J1mpz9jekt87ZcbsHxU+iMvJIVJSMkTpeAftudx5AYsucPSxaQxlq3ZM2X8lVyRSdlMphtlfHfoTDKcMReIzdA==",
        "dependencies": {
          "System.Runtime.InteropServices.WindowsRuntime": "4.3.0",
          "System.Runtime.WindowsRuntime": "4.6.0",
          "System.Runtime.WindowsRuntime.UI.Xaml": "4.6.0"
        }
      },
      "Newtonsoft.Json": {
        "type": "Direct",
        "requested": "[13.0.3, )",
        "resolved": "13.0.3",
        "contentHash": "HrC5BXdl00IP9zeV+0Z848QWPAoCr9P3bDEZguI+gkLcBKAOxix/tLEAAHC+UvDNPv4a2d18lOReHMOagPa+zQ=="
      },
      "ZXing.Net": {
        "type": "Direct",
        "requested": "[0.16.9, )",
        "resolved": "0.16.9",
        "contentHash": "7WaVMHklpT3Ye2ragqRIwlFRsb6kOk63BOGADV0fan3ulVfGLUYkDi5yNUsZS/7FVNkWbtHAlDLmu4WnHGfqvQ=="
      },
      "FluentFTP": {
        "type": "Transitive",
        "resolved": "46.0.2",
        "contentHash": "DWdIT+tAzypO8cDeh+o5kqRx1DWBRHmwnzjc4TStpjwxZf+FyQ0draXmmghBiT+c5mOnqcbV631+w0xbMvoVZg=="
      },
      "ImageListView": {
        "type": "Transitive",
        "resolved": "13.8.2",
        "contentHash": "1Tt+Qbny9vdEz44Oh3pkOGWjWmz47iW9BllotsLlQiC0aGz8tNOtzublkqFtMj8ba3QS/Xwmsw65Ikv92L23Aw=="
      },
      "MegaApiClient": {
        "type": "Transitive",
        "resolved": "1.10.3",
        "contentHash": "df1uzofRVzNxP4WpE2WWWrgpdN+9RmOqZqtNHhjcmRTe0+CNAzAN7fjxr3fVBMTLRQ2iNigPAjT39YIqstcCJw==",
        "dependencies": {
          "Newtonsoft.Json": "10.0.2"
        }
      },
      "SSH.NET": {
        "type": "Transitive",
        "resolved": "2020.0.2",
        "contentHash": "G0dNlTBAM00KZXv1wWVwgg26d9/METcM6qWBpNQwllzQmmbu+Zu+FS1L1X4fFgGdPu3e8k9mmTBu6SwtQ0614g=="
      },
      "System.Runtime.InteropServices.WindowsRuntime": {
        "type": "Transitive",
        "resolved": "4.3.0",
        "contentHash": "J4GUi3xZQLUBasNwZnjrffN8i5wpHrBtZoLG+OhRyGo/+YunMRWWtwoMDlUAIdmX0uRfpHIBDSV6zyr3yf00TA=="
      },
      "System.Runtime.WindowsRuntime": {
        "type": "Transitive",
        "resolved": "4.6.0",
        "contentHash": "IWrs1TmbxP65ZZjIglNyvDkFNoV5q2Pofg5WO7I8RKQOpLdFprQSh3xesOoClBqR4JHr4nEB1Xk1MqLPW1jPuQ=="
      },
      "System.Runtime.WindowsRuntime.UI.Xaml": {
        "type": "Transitive",
        "resolved": "4.6.0",
        "contentHash": "r4tNw5v5kqRJ9HikWpcyNf3suGw7DjX93svj9iBjtdeLqL8jt9Z+7f+s4wrKZJr84u8IMsrIjt8K6jYvkRqMSg==",
        "dependencies": {
          "System.Runtime.WindowsRuntime": "4.6.0"
        }
      },
      "sharex.helperslib": {
        "type": "Project",
        "dependencies": {
          "Newtonsoft.Json": "[13.0.3, )"
        }
      },
      "sharex.historylib": {
        "type": "Project",
        "dependencies": {
          "ImageListView": "[13.8.2, )",
          "ShareX.HelpersLib": "[1.0.0, )"
        }
      },
      "sharex.imageeffectslib": {
        "type": "Project",
        "dependencies": {
          "Newtonsoft.Json": "[13.0.3, )",
          "ShareX.HelpersLib": "[1.0.0, )"
        }
      },
      "sharex.indexerlib": {
        "type": "Project",
        "dependencies": {
          "Newtonsoft.Json": "[13.0.3, )",
          "ShareX.HelpersLib": "[1.0.0, )"
        }
      },
      "sharex.medialib": {
        "type": "Project",
        "dependencies": {
          "ShareX.HelpersLib": "[1.0.0, )"
        }
      },
      "sharex.screencapturelib": {
        "type": "Project",
        "dependencies": {
          "ImageListView": "[13.8.2, )",
          "ShareX.HelpersLib": "[1.0.0, )",
          "ShareX.ImageEffectsLib": "[1.0.0, )",
          "ShareX.MediaLib": "[1.0.0, )"
        }
      },
      "sharex.uploaderslib": {
        "type": "Project",
        "dependencies": {
          "FluentFTP": "[46.0.2, )",
          "MegaApiClient": "[1.10.3, )",
          "Newtonsoft.Json": "[13.0.3, )",
          "SSH.NET": "[2020.0.2, )",
          "ShareX.HelpersLib": "[1.0.0, )"
        }
      }
    },
    ".NETFramework,Version=v4.8/win": {},
    ".NETFramework,Version=v4.8/win-arm64": {},
    ".NETFramework,Version=v4.8/win-x64": {},
    ".NETFramework,Version=v4.8/win-x86": {}
  }
}