Microsoft Visual Studio Solution File, Format Version 12.00
# Visual Studio Version 17
VisualStudioVersion = 17.5.2.0
MinimumVisualStudioVersion = 10.0.40219.1
Project("{FAE04EC0-301F-11D3-BF4B-00C04F79EFBC}") = "ShareX", "ShareX.csproj", "{96DF15F2-68F8-6755-AF8E-60DE7400CB44}"
EndProject
Global
	GlobalSection(SolutionConfigurationPlatforms) = preSolution
		Debug|Any CPU = Debug|Any CPU
		Release|Any CPU = Release|Any CPU
	EndGlobalSection
	GlobalSection(ProjectConfigurationPlatforms) = postSolution
		{96DF15F2-68F8-6755-AF8E-60DE7400CB44}.Debug|Any CPU.ActiveCfg = Debug|Any CPU
		{96DF15F2-68F8-6755-AF8E-60DE7400CB44}.Debug|Any CPU.Build.0 = Debug|Any CPU
		{96DF15F2-68F8-6755-AF8E-60DE7400CB44}.Release|Any CPU.ActiveCfg = Release|Any CPU
		{96DF15F2-68F8-6755-AF8E-60DE7400CB44}.Release|Any CPU.Build.0 = Release|Any CPU
	EndGlobalSection
	GlobalSection(SolutionProperties) = preSolution
		HideSolutionNode = FALSE
	EndGlobalSection
	GlobalSection(ExtensibilityGlobals) = postSolution
		SolutionGuid = {1025B326-3542-415D-8F15-BF345E0B4372}
	EndGlobalSection
EndGlobal
